// !$*UTF8*$!
{
	archiveVersion = 1;
	classes = {
	};
	objectVersion = 56;
	objects = {

/* Begin PBXBuildFile section */
		DE32997A2BA9D21F004A0E0B /* Themes.swift in Sources */ = {isa = PBXBuildFile; fileRef = DE3299792BA9D21F004A0E0B /* Themes.swift */; };
		DE32997C2BA9D43E004A0E0B /* ThemeManager.swift in Sources */ = {isa = PBXBuildFile; fileRef = DE32997B2BA9D43E004A0E0B /* ThemeManager.swift */; };
		DE8572C92BA497F500488990 /* LanguageShelfApp.swift in Sources */ = {isa = PBXBuildFile; fileRef = DE8572C82BA497F500488990 /* LanguageShelfApp.swift */; };
		DE8572CD2BA497F600488990 /* Assets.xcassets in Resources */ = {isa = PBXBuildFile; fileRef = DE8572CC2BA497F600488990 /* Assets.xcassets */; };
		DE8572D02BA497F600488990 /* Preview Assets.xcassets in Resources */ = {isa = PBXBuildFile; fileRef = DE8572CF2BA497F600488990 /* Preview Assets.xcassets */; };
		DE8572DC2BA4986A00488990 /* MyBookshelvesView.swift in Sources */ = {isa = PBXBuildFile; fileRef = DE8572DB2BA4986A00488990 /* MyBookshelvesView.swift */; };
		DE8572E22BA4995B00488990 /* UserProfileView.swift in Sources */ = {isa = PBXBuildFile; fileRef = DE8572E12BA4995B00488990 /* UserProfileView.swift */; };
		DE8572EC2BA4B6FB00488990 /* ContentView.swift in Sources */ = {isa = PBXBuildFile; fileRef = DE8572EB2BA4B6FB00488990 /* ContentView.swift */; };
		DE8572EE2BA4D95100488990 /* GameScreenView.swift in Sources */ = {isa = PBXBuildFile; fileRef = DE8572ED2BA4D95100488990 /* GameScreenView.swift */; };
		DE9039412BA80C90004B9DDF /* ChooseColorThemeView.swift in Sources */ = {isa = PBXBuildFile; fileRef = DE9039402BA80C90004B9DDF /* ChooseColorThemeView.swift */; };
		DED6F7532BA73D5B00F742D0 /* FirebaseDatabaseSwift in Frameworks */ = {isa = PBXBuildFile; productRef = DED6F7522BA73D5B00F742D0 /* FirebaseDatabaseSwift */; };
		DEE550A42BA65D6A0045BA66 /* SignedOutView.swift in Sources */ = {isa = PBXBuildFile; fileRef = DEE550A32BA65D6A0045BA66 /* SignedOutView.swift */; };
		DEE550A62BA65D7A0045BA66 /* SignedInView.swift in Sources */ = {isa = PBXBuildFile; fileRef = DEE550A52BA65D7A0045BA66 /* SignedInView.swift */; };
		DEE550AB2BA66A460045BA66 /* FirebaseAuth in Frameworks */ = {isa = PBXBuildFile; productRef = DEE550AA2BA66A460045BA66 /* FirebaseAuth */; };
		DEE550AD2BA66A460045BA66 /* FirebaseFirestore in Frameworks */ = {isa = PBXBuildFile; productRef = DEE550AC2BA66A460045BA66 /* FirebaseFirestore */; };
		DEE550AF2BA66B130045BA66 /* GoogleService-Info.plist in Resources */ = {isa = PBXBuildFile; fileRef = DEE550AE2BA66B130045BA66 /* GoogleService-Info.plist */; };
		DEE550B22BA6704B0045BA66 /* ButtonStyles.swift in Sources */ = {isa = PBXBuildFile; fileRef = DEE550B12BA6704B0045BA66 /* ButtonStyles.swift */; };
		DEE550B42BA670720045BA66 /* TextFieldStyles.swift in Sources */ = {isa = PBXBuildFile; fileRef = DEE550B32BA670720045BA66 /* TextFieldStyles.swift */; };
		DEE550B72BA68BF90045BA66 /* User.swift in Sources */ = {isa = PBXBuildFile; fileRef = DEE550B62BA68BF90045BA66 /* User.swift */; };
		DEE550B92BA68CC70045BA66 /* UserAccountsManager.swift in Sources */ = {isa = PBXBuildFile; fileRef = DEE550B82BA68CC70045BA66 /* UserAccountsManager.swift */; };
		DEF0D26F2BA8A26600BA9C8E /* ColorThemeView.swift in Sources */ = {isa = PBXBuildFile; fileRef = DEF0D26E2BA8A26600BA9C8E /* ColorThemeView.swift */; };
		DEF0D2712BA8DD2900BA9C8E /* CheckListView.swift in Sources */ = {isa = PBXBuildFile; fileRef = DEF0D2702BA8DD2900BA9C8E /* CheckListView.swift */; };
		DEF0D2732BA945A900BA9C8E /* SecureTextfieldWithEye.swift in Sources */ = {isa = PBXBuildFile; fileRef = DEF0D2722BA945A900BA9C8E /* SecureTextfieldWithEye.swift */; };
/* End PBXBuildFile section */

/* Begin PBXFileReference section */
		DE3299792BA9D21F004A0E0B /* Themes.swift */ = {isa = PBXFileReference; lastKnownFileType = sourcecode.swift; path = Themes.swift; sourceTree = "<group>"; };
		DE32997B2BA9D43E004A0E0B /* ThemeManager.swift */ = {isa = PBXFileReference; lastKnownFileType = sourcecode.swift; path = ThemeManager.swift; sourceTree = "<group>"; };
		DE8572C52BA497F500488990 /* LanguageShelf.app */ = {isa = PBXFileReference; explicitFileType = wrapper.application; includeInIndex = 0; path = LanguageShelf.app; sourceTree = BUILT_PRODUCTS_DIR; };
		DE8572C82BA497F500488990 /* LanguageShelfApp.swift */ = {isa = PBXFileReference; lastKnownFileType = sourcecode.swift; path = LanguageShelfApp.swift; sourceTree = "<group>"; };
		DE8572CC2BA497F600488990 /* Assets.xcassets */ = {isa = PBXFileReference; lastKnownFileType = folder.assetcatalog; path = Assets.xcassets; sourceTree = "<group>"; };
		DE8572CF2BA497F600488990 /* Preview Assets.xcassets */ = {isa = PBXFileReference; lastKnownFileType = folder.assetcatalog; path = "Preview Assets.xcassets"; sourceTree = "<group>"; };
		DE8572DB2BA4986A00488990 /* MyBookshelvesView.swift */ = {isa = PBXFileReference; lastKnownFileType = sourcecode.swift; path = MyBookshelvesView.swift; sourceTree = "<group>"; };
		DE8572E12BA4995B00488990 /* UserProfileView.swift */ = {isa = PBXFileReference; lastKnownFileType = sourcecode.swift; path = UserProfileView.swift; sourceTree = "<group>"; };
		DE8572EB2BA4B6FB00488990 /* ContentView.swift */ = {isa = PBXFileReference; lastKnownFileType = sourcecode.swift; path = ContentView.swift; sourceTree = "<group>"; };
		DE8572ED2BA4D95100488990 /* GameScreenView.swift */ = {isa = PBXFileReference; lastKnownFileType = sourcecode.swift; path = GameScreenView.swift; sourceTree = "<group>"; };
		DE9039402BA80C90004B9DDF /* ChooseColorThemeView.swift */ = {isa = PBXFileReference; lastKnownFileType = sourcecode.swift; path = ChooseColorThemeView.swift; sourceTree = "<group>"; };
		DEE550A32BA65D6A0045BA66 /* SignedOutView.swift */ = {isa = PBXFileReference; lastKnownFileType = sourcecode.swift; path = SignedOutView.swift; sourceTree = "<group>"; };
		DEE550A52BA65D7A0045BA66 /* SignedInView.swift */ = {isa = PBXFileReference; lastKnownFileType = sourcecode.swift; path = SignedInView.swift; sourceTree = "<group>"; };
		DEE550AE2BA66B130045BA66 /* GoogleService-Info.plist */ = {isa = PBXFileReference; fileEncoding = 4; lastKnownFileType = text.plist.xml; path = "GoogleService-Info.plist"; sourceTree = "<group>"; };
		DEE550B12BA6704B0045BA66 /* ButtonStyles.swift */ = {isa = PBXFileReference; lastKnownFileType = sourcecode.swift; path = ButtonStyles.swift; sourceTree = "<group>"; };
		DEE550B32BA670720045BA66 /* TextFieldStyles.swift */ = {isa = PBXFileReference; lastKnownFileType = sourcecode.swift; path = TextFieldStyles.swift; sourceTree = "<group>"; };
		DEE550B62BA68BF90045BA66 /* User.swift */ = {isa = PBXFileReference; lastKnownFileType = sourcecode.swift; path = User.swift; sourceTree = "<group>"; };
		DEE550B82BA68CC70045BA66 /* UserAccountsManager.swift */ = {isa = PBXFileReference; lastKnownFileType = sourcecode.swift; path = UserAccountsManager.swift; sourceTree = "<group>"; };
		DEF0D26E2BA8A26600BA9C8E /* ColorThemeView.swift */ = {isa = PBXFileReference; lastKnownFileType = sourcecode.swift; path = ColorThemeView.swift; sourceTree = "<group>"; };
		DEF0D2702BA8DD2900BA9C8E /* CheckListView.swift */ = {isa = PBXFileReference; lastKnownFileType = sourcecode.swift; path = CheckListView.swift; sourceTree = "<group>"; };
		DEF0D2722BA945A900BA9C8E /* SecureTextfieldWithEye.swift */ = {isa = PBXFileReference; lastKnownFileType = sourcecode.swift; path = SecureTextfieldWithEye.swift; sourceTree = "<group>"; };
/* End PBXFileReference section */

/* Begin PBXFrameworksBuildPhase section */
		DE8572C22BA497F500488990 /* Frameworks */ = {
			isa = PBXFrameworksBuildPhase;
			buildActionMask = 2147483647;
			files = (
				DED6F7532BA73D5B00F742D0 /* FirebaseDatabaseSwift in Frameworks */,
				DEE550AB2BA66A460045BA66 /* FirebaseAuth in Frameworks */,
				DEE550AD2BA66A460045BA66 /* FirebaseFirestore in Frameworks */,
			);
			runOnlyForDeploymentPostprocessing = 0;
		};
/* End PBXFrameworksBuildPhase section */

/* Begin PBXGroup section */
		DE8572BC2BA497F500488990 = {
			isa = PBXGroup;
			children = (
				DE8572C72BA497F500488990 /* LanguageShelf */,
				DE8572C62BA497F500488990 /* Products */,
				DED6F7512BA73D5B00F742D0 /* Frameworks */,
			);
			sourceTree = "<group>";
		};
		DE8572C62BA497F500488990 /* Products */ = {
			isa = PBXGroup;
			children = (
				DE8572C52BA497F500488990 /* LanguageShelf.app */,
			);
			name = Products;
			sourceTree = "<group>";
		};
		DE8572C72BA497F500488990 /* LanguageShelf */ = {
			isa = PBXGroup;
			children = (
				DEE550B52BA68BE40045BA66 /* Models */,
				DE8572D62BA4981B00488990 /* Views */,
				DE8572C82BA497F500488990 /* LanguageShelfApp.swift */,
				DE8572CC2BA497F600488990 /* Assets.xcassets */,
				DEE550AE2BA66B130045BA66 /* GoogleService-Info.plist */,
				DE8572CE2BA497F600488990 /* Preview Content */,
			);
			path = LanguageShelf;
			sourceTree = "<group>";
		};
		DE8572CE2BA497F600488990 /* Preview Content */ = {
			isa = PBXGroup;
			children = (
				DE8572CF2BA497F600488990 /* Preview Assets.xcassets */,
			);
			path = "Preview Content";
			sourceTree = "<group>";
		};
		DE8572D62BA4981B00488990 /* Views */ = {
			isa = PBXGroup;
			children = (
				DEE550B02BA6701C0045BA66 /* Components */,
				DE8572EA2BA4B68600488990 /* Game */,
				DE8572DA2BA4985200488990 /* UserProfile */,
				DE8572D82BA4983600488990 /* Bookshelf */,
				DE8572EB2BA4B6FB00488990 /* ContentView.swift */,
			);
			path = Views;
			sourceTree = "<group>";
		};
		DE8572D82BA4983600488990 /* Bookshelf */ = {
			isa = PBXGroup;
			children = (
				DE8572DB2BA4986A00488990 /* MyBookshelvesView.swift */,
			);
			path = Bookshelf;
			sourceTree = "<group>";
		};
		DE8572DA2BA4985200488990 /* UserProfile */ = {
			isa = PBXGroup;
			children = (
				DE8572E12BA4995B00488990 /* UserProfileView.swift */,
				DEE550A32BA65D6A0045BA66 /* SignedOutView.swift */,
				DEE550A52BA65D7A0045BA66 /* SignedInView.swift */,
				DE9039402BA80C90004B9DDF /* ChooseColorThemeView.swift */,
			);
			path = UserProfile;
			sourceTree = "<group>";
		};
		DE8572EA2BA4B68600488990 /* Game */ = {
			isa = PBXGroup;
			children = (
				DE8572ED2BA4D95100488990 /* GameScreenView.swift */,
			);
			path = Game;
			sourceTree = "<group>";
		};
		DED6F7512BA73D5B00F742D0 /* Frameworks */ = {
			isa = PBXGroup;
			children = (
			);
			name = Frameworks;
			sourceTree = "<group>";
		};
		DEE550B02BA6701C0045BA66 /* Components */ = {
			isa = PBXGroup;
			children = (
				DEE550B12BA6704B0045BA66 /* ButtonStyles.swift */,
				DEE550B32BA670720045BA66 /* TextFieldStyles.swift */,
				DEF0D26E2BA8A26600BA9C8E /* ColorThemeView.swift */,
				DEF0D2702BA8DD2900BA9C8E /* CheckListView.swift */,
				DEF0D2722BA945A900BA9C8E /* SecureTextfieldWithEye.swift */,
			);
			path = Components;
			sourceTree = "<group>";
		};
		DEE550B52BA68BE40045BA66 /* Models */ = {
			isa = PBXGroup;
			children = (
				DEE550B62BA68BF90045BA66 /* User.swift */,
				DEE550B82BA68CC70045BA66 /* UserAccountsManager.swift */,
				DE3299792BA9D21F004A0E0B /* Themes.swift */,
				DE32997B2BA9D43E004A0E0B /* ThemeManager.swift */,
			);
			path = Models;
			sourceTree = "<group>";
		};
/* End PBXGroup section */

/* Begin PBXNativeTarget section */
		DE8572C42BA497F500488990 /* LanguageShelf */ = {
			isa = PBXNativeTarget;
			buildConfigurationList = DE8572D32BA497F600488990 /* Build configuration list for PBXNativeTarget "LanguageShelf" */;
			buildPhases = (
				DE8572C12BA497F500488990 /* Sources */,
				DE8572C22BA497F500488990 /* Frameworks */,
				DE8572C32BA497F500488990 /* Resources */,
			);
			buildRules = (
			);
			dependencies = (
			);
			name = LanguageShelf;
			packageProductDependencies = (
				DEE550AA2BA66A460045BA66 /* FirebaseAuth */,
				DEE550AC2BA66A460045BA66 /* FirebaseFirestore */,
				DED6F7522BA73D5B00F742D0 /* FirebaseDatabaseSwift */,
			);
			productName = LanguageShelf;
			productReference = DE8572C52BA497F500488990 /* LanguageShelf.app */;
			productType = "com.apple.product-type.application";
		};
/* End PBXNativeTarget section */

/* Begin PBXProject section */
		DE8572BD2BA497F500488990 /* Project object */ = {
			isa = PBXProject;
			attributes = {
				BuildIndependentTargetsInParallel = 1;
				LastSwiftUpdateCheck = 1530;
				LastUpgradeCheck = 1530;
				TargetAttributes = {
					DE8572C42BA497F500488990 = {
						CreatedOnToolsVersion = 15.3;
					};
				};
			};
			buildConfigurationList = DE8572C02BA497F500488990 /* Build configuration list for PBXProject "LanguageShelf" */;
			compatibilityVersion = "Xcode 14.0";
			developmentRegion = en;
			hasScannedForEncodings = 0;
			knownRegions = (
				en,
				Base,
			);
			mainGroup = DE8572BC2BA497F500488990;
			packageReferences = (
				DEE550A92BA66A460045BA66 /* XCRemoteSwiftPackageReference "firebase-ios-sdk" */,
			);
			productRefGroup = DE8572C62BA497F500488990 /* Products */;
			projectDirPath = "";
			projectRoot = "";
			targets = (
				DE8572C42BA497F500488990 /* LanguageShelf */,
			);
		};
/* End PBXProject section */

/* Begin PBXResourcesBuildPhase section */
		DE8572C32BA497F500488990 /* Resources */ = {
			isa = PBXResourcesBuildPhase;
			buildActionMask = 2147483647;
			files = (
				DE8572D02BA497F600488990 /* Preview Assets.xcassets in Resources */,
				DE8572CD2BA497F600488990 /* Assets.xcassets in Resources */,
				DEE550AF2BA66B130045BA66 /* GoogleService-Info.plist in Resources */,
			);
			runOnlyForDeploymentPostprocessing = 0;
		};
/* End PBXResourcesBuildPhase section */

/* Begin PBXSourcesBuildPhase section */
		DE8572C12BA497F500488990 /* Sources */ = {
			isa = PBXSourcesBuildPhase;
			buildActionMask = 2147483647;
			files = (
				DE8572DC2BA4986A00488990 /* MyBookshelvesView.swift in Sources */,
				DEE550B92BA68CC70045BA66 /* UserAccountsManager.swift in Sources */,
				DEE550B42BA670720045BA66 /* TextFieldStyles.swift in Sources */,
				DEF0D2712BA8DD2900BA9C8E /* CheckListView.swift in Sources */,
				DEE550A62BA65D7A0045BA66 /* SignedInView.swift in Sources */,
				DEE550A42BA65D6A0045BA66 /* SignedOutView.swift in Sources */,
				DEE550B22BA6704B0045BA66 /* ButtonStyles.swift in Sources */,
				DE8572EC2BA4B6FB00488990 /* ContentView.swift in Sources */,
				DE8572C92BA497F500488990 /* LanguageShelfApp.swift in Sources */,
				DE8572E22BA4995B00488990 /* UserProfileView.swift in Sources */,
				DE32997C2BA9D43E004A0E0B /* ThemeManager.swift in Sources */,
				DEE550B72BA68BF90045BA66 /* User.swift in Sources */,
				DEF0D2732BA945A900BA9C8E /* SecureTextfieldWithEye.swift in Sources */,
				DEF0D26F2BA8A26600BA9C8E /* ColorThemeView.swift in Sources */,
				DE32997A2BA9D21F004A0E0B /* Themes.swift in Sources */,
				DE8572EE2BA4D95100488990 /* GameScreenView.swift in Sources */,
				DE9039412BA80C90004B9DDF /* ChooseColorThemeView.swift in Sources */,
			);
			runOnlyForDeploymentPostprocessing = 0;
		};
/* End PBXSourcesBuildPhase section */

/* Begin XCBuildConfiguration section */
		DE8572D12BA497F600488990 /* Debug */ = {
			isa = XCBuildConfiguration;
			buildSettings = {
				ALWAYS_SEARCH_USER_PATHS = NO;
				ASSETCATALOG_COMPILER_GENERATE_SWIFT_ASSET_SYMBOL_EXTENSIONS = YES;
				CLANG_ANALYZER_NONNULL = YES;
				CLANG_ANALYZER_NUMBER_OBJECT_CONVERSION = YES_AGGRESSIVE;
				CLANG_CXX_LANGUAGE_STANDARD = "gnu++20";
				CLANG_ENABLE_MODULES = YES;
				CLANG_ENABLE_OBJC_ARC = YES;
				CLANG_ENABLE_OBJC_WEAK = YES;
				CLANG_WARN_BLOCK_CAPTURE_AUTORELEASING = YES;
				CLANG_WARN_BOOL_CONVERSION = YES;
				CLANG_WARN_COMMA = YES;
				CLANG_WARN_CONSTANT_CONVERSION = YES;
				CLANG_WARN_DEPRECATED_OBJC_IMPLEMENTATIONS = YES;
				CLANG_WARN_DIRECT_OBJC_ISA_USAGE = YES_ERROR;
				CLANG_WARN_DOCUMENTATION_COMMENTS = YES;
				CLANG_WARN_EMPTY_BODY = YES;
				CLANG_WARN_ENUM_CONVERSION = YES;
				CLANG_WARN_INFINITE_RECURSION = YES;
				CLANG_WARN_INT_CONVERSION = YES;
				CLANG_WARN_NON_LITERAL_NULL_CONVERSION = YES;
				CLANG_WARN_OBJC_IMPLICIT_RETAIN_SELF = YES;
				CLANG_WARN_OBJC_LITERAL_CONVERSION = YES;
				CLANG_WARN_OBJC_ROOT_CLASS = YES_ERROR;
				CLANG_WARN_QUOTED_INCLUDE_IN_FRAMEWORK_HEADER = YES;
				CLANG_WARN_RANGE_LOOP_ANALYSIS = YES;
				CLANG_WARN_STRICT_PROTOTYPES = YES;
				CLANG_WARN_SUSPICIOUS_MOVE = YES;
				CLANG_WARN_UNGUARDED_AVAILABILITY = YES_AGGRESSIVE;
				CLANG_WARN_UNREACHABLE_CODE = YES;
				CLANG_WARN__DUPLICATE_METHOD_MATCH = YES;
				COPY_PHASE_STRIP = NO;
				DEBUG_INFORMATION_FORMAT = dwarf;
				ENABLE_STRICT_OBJC_MSGSEND = YES;
				ENABLE_TESTABILITY = YES;
				ENABLE_USER_SCRIPT_SANDBOXING = YES;
				GCC_C_LANGUAGE_STANDARD = gnu17;
				GCC_DYNAMIC_NO_PIC = NO;
				GCC_NO_COMMON_BLOCKS = YES;
				GCC_OPTIMIZATION_LEVEL = 0;
				GCC_PREPROCESSOR_DEFINITIONS = (
					"DEBUG=1",
					"$(inherited)",
				);
				GCC_WARN_64_TO_32_BIT_CONVERSION = YES;
				GCC_WARN_ABOUT_RETURN_TYPE = YES_ERROR;
				GCC_WARN_UNDECLARED_SELECTOR = YES;
				GCC_WARN_UNINITIALIZED_AUTOS = YES_AGGRESSIVE;
				GCC_WARN_UNUSED_FUNCTION = YES;
				GCC_WARN_UNUSED_VARIABLE = YES;
				IPHONEOS_DEPLOYMENT_TARGET = 17.4;
				LOCALIZATION_PREFERS_STRING_CATALOGS = YES;
				MTL_ENABLE_DEBUG_INFO = INCLUDE_SOURCE;
				MTL_FAST_MATH = YES;
				ONLY_ACTIVE_ARCH = YES;
				SDKROOT = iphoneos;
				SWIFT_ACTIVE_COMPILATION_CONDITIONS = "DEBUG $(inherited)";
				SWIFT_OPTIMIZATION_LEVEL = "-Onone";
			};
			name = Debug;
		};
		DE8572D22BA497F600488990 /* Release */ = {
			isa = XCBuildConfiguration;
			buildSettings = {
				ALWAYS_SEARCH_USER_PATHS = NO;
				ASSETCATALOG_COMPILER_GENERATE_SWIFT_ASSET_SYMBOL_EXTENSIONS = YES;
				CLANG_ANALYZER_NONNULL = YES;
				CLANG_ANALYZER_NUMBER_OBJECT_CONVERSION = YES_AGGRESSIVE;
				CLANG_CXX_LANGUAGE_STANDARD = "gnu++20";
				CLANG_ENABLE_MODULES = YES;
				CLANG_ENABLE_OBJC_ARC = YES;
				CLANG_ENABLE_OBJC_WEAK = YES;
				CLANG_WARN_BLOCK_CAPTURE_AUTORELEASING = YES;
				CLANG_WARN_BOOL_CONVERSION = YES;
				CLANG_WARN_COMMA = YES;
				CLANG_WARN_CONSTANT_CONVERSION = YES;
				CLANG_WARN_DEPRECATED_OBJC_IMPLEMENTATIONS = YES;
				CLANG_WARN_DIRECT_OBJC_ISA_USAGE = YES_ERROR;
				CLANG_WARN_DOCUMENTATION_COMMENTS = YES;
				CLANG_WARN_EMPTY_BODY = YES;
				CLANG_WARN_ENUM_CONVERSION = YES;
				CLANG_WARN_INFINITE_RECURSION = YES;
				CLANG_WARN_INT_CONVERSION = YES;
				CLANG_WARN_NON_LITERAL_NULL_CONVERSION = YES;
				CLANG_WARN_OBJC_IMPLICIT_RETAIN_SELF = YES;
				CLANG_WARN_OBJC_LITERAL_CONVERSION = YES;
				CLANG_WARN_OBJC_ROOT_CLASS = YES_ERROR;
				CLANG_WARN_QUOTED_INCLUDE_IN_FRAMEWORK_HEADER = YES;
				CLANG_WARN_RANGE_LOOP_ANALYSIS = YES;
				CLANG_WARN_STRICT_PROTOTYPES = YES;
				CLANG_WARN_SUSPICIOUS_MOVE = YES;
				CLANG_WARN_UNGUARDED_AVAILABILITY = YES_AGGRESSIVE;
				CLANG_WARN_UNREACHABLE_CODE = YES;
				CLANG_WARN__DUPLICATE_METHOD_MATCH = YES;
				COPY_PHASE_STRIP = NO;
				DEBUG_INFORMATION_FORMAT = "dwarf-with-dsym";
				ENABLE_NS_ASSERTIONS = NO;
				ENABLE_STRICT_OBJC_MSGSEND = YES;
				ENABLE_USER_SCRIPT_SANDBOXING = YES;
				GCC_C_LANGUAGE_STANDARD = gnu17;
				GCC_NO_COMMON_BLOCKS = YES;
				GCC_WARN_64_TO_32_BIT_CONVERSION = YES;
				GCC_WARN_ABOUT_RETURN_TYPE = YES_ERROR;
				GCC_WARN_UNDECLARED_SELECTOR = YES;
				GCC_WARN_UNINITIALIZED_AUTOS = YES_AGGRESSIVE;
				GCC_WARN_UNUSED_FUNCTION = YES;
				GCC_WARN_UNUSED_VARIABLE = YES;
				IPHONEOS_DEPLOYMENT_TARGET = 17.4;
				LOCALIZATION_PREFERS_STRING_CATALOGS = YES;
				MTL_ENABLE_DEBUG_INFO = NO;
				MTL_FAST_MATH = YES;
				SDKROOT = iphoneos;
				SWIFT_COMPILATION_MODE = wholemodule;
				VALIDATE_PRODUCT = YES;
			};
			name = Release;
		};
		DE8572D42BA497F600488990 /* Debug */ = {
			isa = XCBuildConfiguration;
			buildSettings = {
				ASSETCATALOG_COMPILER_APPICON_NAME = AppIcon;
				ASSETCATALOG_COMPILER_GLOBAL_ACCENT_COLOR_NAME = AccentColor;
				CODE_SIGN_STYLE = Automatic;
				CURRENT_PROJECT_VERSION = 1;
				DEVELOPMENT_ASSET_PATHS = "\"LanguageShelf/Preview Content\"";
				ENABLE_PREVIEWS = YES;
				GENERATE_INFOPLIST_FILE = YES;
				INFOPLIST_KEY_UIApplicationSceneManifest_Generation = YES;
				INFOPLIST_KEY_UIApplicationSupportsIndirectInputEvents = YES;
				INFOPLIST_KEY_UILaunchScreen_Generation = YES;
				INFOPLIST_KEY_UISupportedInterfaceOrientations_iPad = "UIInterfaceOrientationPortrait UIInterfaceOrientationPortraitUpsideDown UIInterfaceOrientationLandscapeLeft UIInterfaceOrientationLandscapeRight";
				INFOPLIST_KEY_UISupportedInterfaceOrientations_iPhone = "UIInterfaceOrientationPortrait UIInterfaceOrientationLandscapeLeft UIInterfaceOrientationLandscapeRight";
				LD_RUNPATH_SEARCH_PATHS = (
					"$(inherited)",
					"@executable_path/Frameworks",
				);
				MARKETING_VERSION = 1.0;
				PRODUCT_BUNDLE_IDENTIFIER = map08.LanguageShelf;
				PRODUCT_NAME = "$(TARGET_NAME)";
				SWIFT_EMIT_LOC_STRINGS = YES;
				SWIFT_VERSION = 5.0;
				TARGETED_DEVICE_FAMILY = "1,2";
			};
			name = Debug;
		};
		DE8572D52BA497F600488990 /* Release */ = {
			isa = XCBuildConfiguration;
			buildSettings = {
				ASSETCATALOG_COMPILER_APPICON_NAME = AppIcon;
				ASSETCATALOG_COMPILER_GLOBAL_ACCENT_COLOR_NAME = AccentColor;
				CODE_SIGN_STYLE = Automatic;
				CURRENT_PROJECT_VERSION = 1;
				DEVELOPMENT_ASSET_PATHS = "\"LanguageShelf/Preview Content\"";
				ENABLE_PREVIEWS = YES;
				GENERATE_INFOPLIST_FILE = YES;
				INFOPLIST_KEY_UIApplicationSceneManifest_Generation = YES;
				INFOPLIST_KEY_UIApplicationSupportsIndirectInputEvents = YES;
				INFOPLIST_KEY_UILaunchScreen_Generation = YES;
				INFOPLIST_KEY_UISupportedInterfaceOrientations_iPad = "UIInterfaceOrientationPortrait UIInterfaceOrientationPortraitUpsideDown UIInterfaceOrientationLandscapeLeft UIInterfaceOrientationLandscapeRight";
				INFOPLIST_KEY_UISupportedInterfaceOrientations_iPhone = "UIInterfaceOrientationPortrait UIInterfaceOrientationLandscapeLeft UIInterfaceOrientationLandscapeRight";
				LD_RUNPATH_SEARCH_PATHS = (
					"$(inherited)",
					"@executable_path/Frameworks",
				);
				MARKETING_VERSION = 1.0;
				PRODUCT_BUNDLE_IDENTIFIER = map08.LanguageShelf;
				PRODUCT_NAME = "$(TARGET_NAME)";
				SWIFT_EMIT_LOC_STRINGS = YES;
				SWIFT_VERSION = 5.0;
				TARGETED_DEVICE_FAMILY = "1,2";
			};
			name = Release;
		};
/* End XCBuildConfiguration section */

/* Begin XCConfigurationList section */
		DE8572C02BA497F500488990 /* Build configuration list for PBXProject "LanguageShelf" */ = {
			isa = XCConfigurationList;
			buildConfigurations = (
				DE8572D12BA497F600488990 /* Debug */,
				DE8572D22BA497F600488990 /* Release */,
			);
			defaultConfigurationIsVisible = 0;
			defaultConfigurationName = Release;
		};
		DE8572D32BA497F600488990 /* Build configuration list for PBXNativeTarget "LanguageShelf" */ = {
			isa = XCConfigurationList;
			buildConfigurations = (
				DE8572D42BA497F600488990 /* Debug */,
				DE8572D52BA497F600488990 /* Release */,
			);
			defaultConfigurationIsVisible = 0;
			defaultConfigurationName = Release;
		};
/* End XCConfigurationList section */

/* Begin XCRemoteSwiftPackageReference section */
		DEE550A92BA66A460045BA66 /* XCRemoteSwiftPackageReference "firebase-ios-sdk" */ = {
			isa = XCRemoteSwiftPackageReference;
			repositoryURL = "https://github.com/firebase/firebase-ios-sdk.git";
			requirement = {
				kind = upToNextMajorVersion;
				minimumVersion = 10.22.1;
			};
		};
/* End XCRemoteSwiftPackageReference section */

/* Begin XCSwiftPackageProductDependency section */
		DED6F7522BA73D5B00F742D0 /* FirebaseDatabaseSwift */ = {
			isa = XCSwiftPackageProductDependency;
			package = DEE550A92BA66A460045BA66 /* XCRemoteSwiftPackageReference "firebase-ios-sdk" */;
			productName = FirebaseDatabaseSwift;
		};
		DEE550AA2BA66A460045BA66 /* FirebaseAuth */ = {
			isa = XCSwiftPackageProductDependency;
			package = DEE550A92BA66A460045BA66 /* XCRemoteSwiftPackageReference "firebase-ios-sdk" */;
			productName = FirebaseAuth;
		};
		DEE550AC2BA66A460045BA66 /* FirebaseFirestore */ = {
			isa = XCSwiftPackageProductDependency;
			package = DEE550A92BA66A460045BA66 /* XCRemoteSwiftPackageReference "firebase-ios-sdk" */;
			productName = FirebaseFirestore;
		};
/* End XCSwiftPackageProductDependency section */
	};
	rootObject = DE8572BD2BA497F500488990 /* Project object */;
}
